
Microsoft Visual Studio Solution File, Format Version 12.00
# Visual Studio Version 16
VisualStudioVersion = 16.0.29411.108
MinimumVisualStudioVersion = 10.0.40219.1
Project("{FAE04EC0-301F-11D3-BF4B-00C04F79EFBC}") = "Sds10KingKonReception", "Sds10KingKonReception\Sds10KingKonReception.csproj", "{F1D33A52-6727-4A4E-A3D5-BBECAACDD96A}"
EndProject
Project("{FAE04EC0-301F-11D3-BF4B-00C04F79EFBC}") = "Sds10KingKonReception.TestGenerator", "Sds10KingKonReception.TestGenerator\Sds10KingKonReception.TestGenerator.csproj", "{CF7BC099-C9C0-413F-A48A-AC4EF6193E6C}"
EndProject
Global
	GlobalSection(SolutionConfigurationPlatforms) = preSolution
		Debug|Any CPU = Debug|Any CPU
		Release|Any CPU = Release|Any CPU
	EndGlobalSection
	GlobalSection(ProjectConfigurationPlatforms) = postSolution
		{F1D33A52-6727-4A4E-A3D5-BBECAACDD96A}.Debug|Any CPU.ActiveCfg = Debug|Any CPU
		{F1D33A52-6727-4A4E-A3D5-BBECAACDD96A}.Debug|Any CPU.Build.0 = Debug|Any CPU
		{F1D33A52-6727-4A4E-A3D5-BBECAACDD96A}.Release|Any CPU.ActiveCfg = Release|Any CPU
		{F1D33A52-6727-4A4E-A3D5-BBECAACDD96A}.Release|Any CPU.Build.0 = Release|Any CPU
		{CF7BC099-C9C0-413F-A48A-AC4EF6193E6C}.Debug|Any CPU.ActiveCfg = Debug|Any CPU
		{CF7BC099-C9C0-413F-A48A-AC4EF6193E6C}.Debug|Any CPU.Build.0 = Debug|Any CPU
		{CF7BC099-C9C0-413F-A48A-AC4EF6193E6C}.Release|Any CPU.ActiveCfg = Release|Any CPU
		{CF7BC099-C9C0-413F-A48A-AC4EF6193E6C}.Release|Any CPU.Build.0 = Release|Any CPU
	EndGlobalSection
	GlobalSection(SolutionProperties) = preSolution
		HideSolutionNode = FALSE
	EndGlobalSection
	GlobalSection(ExtensibilityGlobals) = postSolution
		SolutionGuid = {14C85F44-5255-4ABB-B6C9-545BD96CC063}
	EndGlobalSection
EndGlobal
