
Microsoft Visual Studio Solution File, Format Version 12.00
# Visual Studio Version 16
VisualStudioVersion = 16.0.29519.181
MinimumVisualStudioVersion = 10.0.40219.1
Project("{FAE04EC0-301F-11D3-BF4B-00C04F79EFBC}") = "Sds3_1_EulerBypass", "Sds3_1_EulerBypass\Sds3_1_EulerBypass.csproj", "{8B643F2B-8B89-411F-BF14-5655CB010588}"
EndProject
Global
	GlobalSection(SolutionConfigurationPlatforms) = preSolution
		Debug|Any CPU = Debug|Any CPU
		Release|Any CPU = Release|Any CPU
	EndGlobalSection
	GlobalSection(ProjectConfigurationPlatforms) = postSolution
		{8B643F2B-8B89-411F-BF14-5655CB010588}.Debug|Any CPU.ActiveCfg = Debug|Any CPU
		{8B643F2B-8B89-411F-BF14-5655CB010588}.Debug|Any CPU.Build.0 = Debug|Any CPU
		{8B643F2B-8B89-411F-BF14-5655CB010588}.Release|Any CPU.ActiveCfg = Release|Any CPU
		{8B643F2B-8B89-411F-BF14-5655CB010588}.Release|Any CPU.Build.0 = Release|Any CPU
	EndGlobalSection
	GlobalSection(SolutionProperties) = preSolution
		HideSolutionNode = FALSE
	EndGlobalSection
	GlobalSection(ExtensibilityGlobals) = postSolution
		SolutionGuid = {780FC2D2-7B97-4C41-98C4-2A269A1B3CD0}
	EndGlobalSection
EndGlobal
