
Microsoft Visual Studio Solution File, Format Version 12.00
# Visual Studio Version 16
VisualStudioVersion = 16.0.29411.108
MinimumVisualStudioVersion = 10.0.40219.1
Project("{FAE04EC0-301F-11D3-BF4B-00C04F79EFBC}") = "Sds45MegaInversions", "Sds45MegaInversions\Sds45MegaInversions.csproj", "{FD5CFAEA-7F89-4932-8EBC-C6120809E874}"
EndProject
Project("{FAE04EC0-301F-11D3-BF4B-00C04F79EFBC}") = "Sds45MegaInversions.TestGenerator", "Sds45MegaInversions.TestGenerator\Sds45MegaInversions.TestGenerator.csproj", "{02555256-FA08-4CB6-9CA2-F243C1C5C666}"
EndProject
Global
	GlobalSection(SolutionConfigurationPlatforms) = preSolution
		Debug|Any CPU = Debug|Any CPU
		Release|Any CPU = Release|Any CPU
	EndGlobalSection
	GlobalSection(ProjectConfigurationPlatforms) = postSolution
		{FD5CFAEA-7F89-4932-8EBC-C6120809E874}.Debug|Any CPU.ActiveCfg = Debug|Any CPU
		{FD5CFAEA-7F89-4932-8EBC-C6120809E874}.Debug|Any CPU.Build.0 = Debug|Any CPU
		{FD5CFAEA-7F89-4932-8EBC-C6120809E874}.Release|Any CPU.ActiveCfg = Release|Any CPU
		{FD5CFAEA-7F89-4932-8EBC-C6120809E874}.Release|Any CPU.Build.0 = Release|Any CPU
		{02555256-FA08-4CB6-9CA2-F243C1C5C666}.Debug|Any CPU.ActiveCfg = Debug|Any CPU
		{02555256-FA08-4CB6-9CA2-F243C1C5C666}.Debug|Any CPU.Build.0 = Debug|Any CPU
		{02555256-FA08-4CB6-9CA2-F243C1C5C666}.Release|Any CPU.ActiveCfg = Release|Any CPU
		{02555256-FA08-4CB6-9CA2-F243C1C5C666}.Release|Any CPU.Build.0 = Release|Any CPU
	EndGlobalSection
	GlobalSection(SolutionProperties) = preSolution
		HideSolutionNode = FALSE
	EndGlobalSection
	GlobalSection(ExtensibilityGlobals) = postSolution
		SolutionGuid = {755BF2CE-B109-403D-B69C-59766A6330BB}
	EndGlobalSection
EndGlobal
