
Microsoft Visual Studio Solution File, Format Version 12.00
# Visual Studio Version 16
VisualStudioVersion = 16.0.29411.108
MinimumVisualStudioVersion = 10.0.40219.1
Project("{FAE04EC0-301F-11D3-BF4B-00C04F79EFBC}") = "Sds9MinList", "Sds9MinList\Sds9MinList.csproj", "{0962498B-87FF-4EC0-84CE-051D3AF55C9B}"
EndProject
Global
	GlobalSection(SolutionConfigurationPlatforms) = preSolution
		Debug|Any CPU = Debug|Any CPU
		Release|Any CPU = Release|Any CPU
	EndGlobalSection
	GlobalSection(ProjectConfigurationPlatforms) = postSolution
		{0962498B-87FF-4EC0-84CE-051D3AF55C9B}.Debug|Any CPU.ActiveCfg = Debug|Any CPU
		{0962498B-87FF-4EC0-84CE-051D3AF55C9B}.Debug|Any CPU.Build.0 = Debug|Any CPU
		{0962498B-87FF-4EC0-84CE-051D3AF55C9B}.Release|Any CPU.ActiveCfg = Release|Any CPU
		{0962498B-87FF-4EC0-84CE-051D3AF55C9B}.Release|Any CPU.Build.0 = Release|Any CPU
	EndGlobalSection
	GlobalSection(SolutionProperties) = preSolution
		HideSolutionNode = FALSE
	EndGlobalSection
	GlobalSection(ExtensibilityGlobals) = postSolution
		SolutionGuid = {DAE6E0BC-4BA6-490A-B09D-CC8F0263B29E}
	EndGlobalSection
EndGlobal
